
Microsoft Visual Studio Solution File, Format Version 12.00
# Visual Studio 15
VisualStudioVersion = 15.0.28307.271
MinimumVisualStudioVersion = 10.0.40219.1
Project("{FAE04EC0-301F-11D3-BF4B-00C04F79EFBC}") = "ConsoleApp3", "ConsoleApp3\ConsoleApp3.csproj", "{86D2B7FD-CEA1-4ABB-815C-C3F936AAA114}"
EndProject
Global
	GlobalSection(SolutionConfigurationPlatforms) = preSolution
		Debug|Any CPU = Debug|Any CPU
		Release|Any CPU = Release|Any CPU
	EndGlobalSection
	GlobalSection(ProjectConfigurationPlatforms) = postSolution
		{86D2B7FD-CEA1-4ABB-815C-C3F936AAA114}.Debug|Any CPU.ActiveCfg = Debug|Any CPU
		{86D2B7FD-CEA1-4ABB-815C-C3F936AAA114}.Debug|Any CPU.Build.0 = Debug|Any CPU
		{86D2B7FD-CEA1-4ABB-815C-C3F936AAA114}.Release|Any CPU.ActiveCfg = Release|Any CPU
		{86D2B7FD-CEA1-4ABB-815C-C3F936AAA114}.Release|Any CPU.Build.0 = Release|Any CPU
	EndGlobalSection
	GlobalSection(SolutionProperties) = preSolution
		HideSolutionNode = FALSE
	EndGlobalSection
	GlobalSection(ExtensibilityGlobals) = postSolution
		SolutionGuid = {B070F378-1DCE-44C7-9944-46E68AFF6A62}
	EndGlobalSection
EndGlobal
