
Microsoft Visual Studio Solution File, Format Version 12.00
# Visual Studio 15
VisualStudioVersion = 15.0.28307.271
MinimumVisualStudioVersion = 10.0.40219.1
Project("{FAE04EC0-301F-11D3-BF4B-00C04F79EFBC}") = "Task4", "Task4\Task4.csproj", "{3392AC8D-75B1-490E-BE02-8A1A95750966}"
EndProject
Global
	GlobalSection(SolutionConfigurationPlatforms) = preSolution
		Debug|Any CPU = Debug|Any CPU
		Release|Any CPU = Release|Any CPU
	EndGlobalSection
	GlobalSection(ProjectConfigurationPlatforms) = postSolution
		{3392AC8D-75B1-490E-BE02-8A1A95750966}.Debug|Any CPU.ActiveCfg = Debug|Any CPU
		{3392AC8D-75B1-490E-BE02-8A1A95750966}.Debug|Any CPU.Build.0 = Debug|Any CPU
		{3392AC8D-75B1-490E-BE02-8A1A95750966}.Release|Any CPU.ActiveCfg = Release|Any CPU
		{3392AC8D-75B1-490E-BE02-8A1A95750966}.Release|Any CPU.Build.0 = Release|Any CPU
	EndGlobalSection
	GlobalSection(SolutionProperties) = preSolution
		HideSolutionNode = FALSE
	EndGlobalSection
	GlobalSection(ExtensibilityGlobals) = postSolution
		SolutionGuid = {FB474BCF-A114-439C-AE9A-91C8C1234882}
	EndGlobalSection
EndGlobal
